
Microsoft Visual Studio Solution File, Format Version 12.00
# Visual Studio 15
VisualStudioVersion = 15.0.27130.2027
MinimumVisualStudioVersion = 10.0.40219.1
Project("{FAE04EC0-301F-11D3-BF4B-00C04F79EFBC}") = "DocumentTool", "DocumentTool\DocumentTool.csproj", "{4DA809C3-46BC-4A97-96AB-2343DCA3377B}"
EndProject
Global
	GlobalSection(SolutionConfigurationPlatforms) = preSolution
		Debug|Any CPU = Debug|Any CPU
		Release|Any CPU = Release|Any CPU
	EndGlobalSection
	GlobalSection(ProjectConfigurationPlatforms) = postSolution
		{4DA809C3-46BC-4A97-96AB-2343DCA3377B}.Debug|Any CPU.ActiveCfg = Debug|Any CPU
		{4DA809C3-46BC-4A97-96AB-2343DCA3377B}.Debug|Any CPU.Build.0 = Debug|Any CPU
		{4DA809C3-46BC-4A97-96AB-2343DCA3377B}.Release|Any CPU.ActiveCfg = Release|Any CPU
		{4DA809C3-46BC-4A97-96AB-2343DCA3377B}.Release|Any CPU.Build.0 = Release|Any CPU
	EndGlobalSection
	GlobalSection(SolutionProperties) = preSolution
		HideSolutionNode = FALSE
	EndGlobalSection
	GlobalSection(ExtensibilityGlobals) = postSolution
		SolutionGuid = {AD3DC59E-DC73-4947-AF5D-C25EABD475F0}
	EndGlobalSection
EndGlobal
